github.com/akavel/rsrc v0.8.0 h1:zjWn7ukO9Kc5Q62DOJCcxGpXC18RawVtYAGdz2aLlfw=
github.com/akavel/rsrc v0.8.0/go.mod h1:uLoCtb9J+EyAqh+26kdrTgmzRBFPGOolLWKpdxkKq+c=
github.com/josephspurrier/goversioninfo v1.0.0 h1:xKsIMw1YMhDs9uD8ty3vMuBDpWOvpQPaqeod8nFe9nM=
github.com/josephspurrier/goversioninfo v1.0.0/go.mod h1:eJTEwMjXb7kZ633hO3Ln9mBUCOjX2+FlTljvpl9SYdE=
